
Microsoft Visual Studio Solution File, Format Version 12.00
# Visual Studio 2013
VisualStudioVersion = 12.0.31101.0
MinimumVisualStudioVersion = 10.0.40219.1
Project("{FAE04EC0-301F-11D3-BF4B-00C04F79EFBC}") = "Sizes", "Size\Sizes.csproj", "{2BD108BF-6A89-4613-A8F3-22C7A2E3A348}"
EndProject
Project("{FAE04EC0-301F-11D3-BF4B-00C04F79EFBC}") = "PrintStatistics", "PrintStatistics\PrintStatistics.csproj", "{68327317-7ECA-4509-A2FB-71BF7AB1B27E}"
EndProject
Global
	GlobalSection(SolutionConfigurationPlatforms) = preSolution
		Debug|Any CPU = Debug|Any CPU
		Debug|ARM = Debug|ARM
		Debug|x64 = Debug|x64
		Debug|x86 = Debug|x86
		Release|Any CPU = Release|Any CPU
		Release|ARM = Release|ARM
		Release|x64 = Release|x64
		Release|x86 = Release|x86
	EndGlobalSection
	GlobalSection(ProjectConfigurationPlatforms) = postSolution
		{2BD108BF-6A89-4613-A8F3-22C7A2E3A348}.Debug|Any CPU.ActiveCfg = Debug|Any CPU
		{2BD108BF-6A89-4613-A8F3-22C7A2E3A348}.Debug|Any CPU.Build.0 = Debug|Any CPU
		{2BD108BF-6A89-4613-A8F3-22C7A2E3A348}.Debug|ARM.ActiveCfg = Debug|Any CPU
		{2BD108BF-6A89-4613-A8F3-22C7A2E3A348}.Debug|x64.ActiveCfg = Debug|Any CPU
		{2BD108BF-6A89-4613-A8F3-22C7A2E3A348}.Debug|x86.ActiveCfg = Debug|Any CPU
		{2BD108BF-6A89-4613-A8F3-22C7A2E3A348}.Release|Any CPU.ActiveCfg = Release|Any CPU
		{2BD108BF-6A89-4613-A8F3-22C7A2E3A348}.Release|Any CPU.Build.0 = Release|Any CPU
		{2BD108BF-6A89-4613-A8F3-22C7A2E3A348}.Release|ARM.ActiveCfg = Release|Any CPU
		{2BD108BF-6A89-4613-A8F3-22C7A2E3A348}.Release|x64.ActiveCfg = Release|Any CPU
		{2BD108BF-6A89-4613-A8F3-22C7A2E3A348}.Release|x86.ActiveCfg = Release|Any CPU
		{68327317-7ECA-4509-A2FB-71BF7AB1B27E}.Debug|Any CPU.ActiveCfg = Debug|Any CPU
		{68327317-7ECA-4509-A2FB-71BF7AB1B27E}.Debug|Any CPU.Build.0 = Debug|Any CPU
		{68327317-7ECA-4509-A2FB-71BF7AB1B27E}.Debug|ARM.ActiveCfg = Debug|Any CPU
		{68327317-7ECA-4509-A2FB-71BF7AB1B27E}.Debug|x64.ActiveCfg = Debug|Any CPU
		{68327317-7ECA-4509-A2FB-71BF7AB1B27E}.Debug|x86.ActiveCfg = Debug|Any CPU
		{68327317-7ECA-4509-A2FB-71BF7AB1B27E}.Release|Any CPU.ActiveCfg = Release|Any CPU
		{68327317-7ECA-4509-A2FB-71BF7AB1B27E}.Release|Any CPU.Build.0 = Release|Any CPU
		{68327317-7ECA-4509-A2FB-71BF7AB1B27E}.Release|ARM.ActiveCfg = Release|Any CPU
		{68327317-7ECA-4509-A2FB-71BF7AB1B27E}.Release|x64.ActiveCfg = Release|Any CPU
		{68327317-7ECA-4509-A2FB-71BF7AB1B27E}.Release|x86.ActiveCfg = Release|Any CPU
	EndGlobalSection
	GlobalSection(SolutionProperties) = preSolution
		HideSolutionNode = FALSE
	EndGlobalSection
EndGlobal
